// !$*UTF8*$!
{
	archiveVersion = 1;
	classes = {
	};
	objectVersion = 55;
	objects = {

/* Begin PBXBuildFile section */
		C832C0162900BBC0003830CE /* Router.swift in Sources */ = {isa = PBXBuildFile; fileRef = C832C0152900BBC0003830CE /* Router.swift */; };
		C832C0182900BBDE003830CE /* Coordinator.swift in Sources */ = {isa = PBXBuildFile; fileRef = C832C0172900BBDE003830CE /* Coordinator.swift */; };
		C832C01A2900BC28003830CE /* App.swift in Sources */ = {isa = PBXBuildFile; fileRef = C832C0192900BC28003830CE /* App.swift */; };
		C832C01C2900BC40003830CE /* AppTransition.swift in Sources */ = {isa = PBXBuildFile; fileRef = C832C01B2900BC40003830CE /* AppTransition.swift */; };
		C832C01E2900BCB1003830CE /* LoginViewController.swift in Sources */ = {isa = PBXBuildFile; fileRef = C832C01D2900BCB1003830CE /* LoginViewController.swift */; };
		C832C0222900BCDA003830CE /* LoginViewModel.swift in Sources */ = {isa = PBXBuildFile; fileRef = C832C0212900BCDA003830CE /* LoginViewModel.swift */; };
		C832C0242900BCF7003830CE /* LoginCoordinator.swift in Sources */ = {isa = PBXBuildFile; fileRef = C832C0232900BCF7003830CE /* LoginCoordinator.swift */; };
		C8F05E7A2900DDDE006D2943 /* Failure.swift in Sources */ = {isa = PBXBuildFile; fileRef = C8F05E792900DDDE006D2943 /* Failure.swift */; };
		C8F05E7C2900DDF1006D2943 /* APIManager.swift in Sources */ = {isa = PBXBuildFile; fileRef = C8F05E7B2900DDF1006D2943 /* APIManager.swift */; };
		C8F05E7E2900DE06006D2943 /* HttpMethod.swift in Sources */ = {isa = PBXBuildFile; fileRef = C8F05E7D2900DE06006D2943 /* HttpMethod.swift */; };
		C8F05E812900F1D4006D2943 /* AutResponse.swift in Sources */ = {isa = PBXBuildFile; fileRef = C8F05E802900F1D4006D2943 /* AutResponse.swift */; };
		C8FBD27F2900BA3600A5926D /* AppDelegate.swift in Sources */ = {isa = PBXBuildFile; fileRef = C8FBD27E2900BA3600A5926D /* AppDelegate.swift */; };
		C8FBD2882900BA3700A5926D /* Assets.xcassets in Resources */ = {isa = PBXBuildFile; fileRef = C8FBD2872900BA3700A5926D /* Assets.xcassets */; };
		C8FBD28B2900BA3700A5926D /* LaunchScreen.storyboard in Resources */ = {isa = PBXBuildFile; fileRef = C8FBD2892900BA3700A5926D /* LaunchScreen.storyboard */; };
/* End PBXBuildFile section */

/* Begin PBXFileReference section */
		C832C0152900BBC0003830CE /* Router.swift */ = {isa = PBXFileReference; lastKnownFileType = sourcecode.swift; path = Router.swift; sourceTree = "<group>"; };
		C832C0172900BBDE003830CE /* Coordinator.swift */ = {isa = PBXFileReference; lastKnownFileType = sourcecode.swift; path = Coordinator.swift; sourceTree = "<group>"; };
		C832C0192900BC28003830CE /* App.swift */ = {isa = PBXFileReference; lastKnownFileType = sourcecode.swift; path = App.swift; sourceTree = "<group>"; };
		C832C01B2900BC40003830CE /* AppTransition.swift */ = {isa = PBXFileReference; lastKnownFileType = sourcecode.swift; path = AppTransition.swift; sourceTree = "<group>"; };
		C832C01D2900BCB1003830CE /* LoginViewController.swift */ = {isa = PBXFileReference; lastKnownFileType = sourcecode.swift; path = LoginViewController.swift; sourceTree = "<group>"; };
		C832C0212900BCDA003830CE /* LoginViewModel.swift */ = {isa = PBXFileReference; lastKnownFileType = sourcecode.swift; path = LoginViewModel.swift; sourceTree = "<group>"; };
		C832C0232900BCF7003830CE /* LoginCoordinator.swift */ = {isa = PBXFileReference; lastKnownFileType = sourcecode.swift; path = LoginCoordinator.swift; sourceTree = "<group>"; };
		C8F05E792900DDDE006D2943 /* Failure.swift */ = {isa = PBXFileReference; lastKnownFileType = sourcecode.swift; path = Failure.swift; sourceTree = "<group>"; };
		C8F05E7B2900DDF1006D2943 /* APIManager.swift */ = {isa = PBXFileReference; lastKnownFileType = sourcecode.swift; path = APIManager.swift; sourceTree = "<group>"; };
		C8F05E7D2900DE06006D2943 /* HttpMethod.swift */ = {isa = PBXFileReference; lastKnownFileType = sourcecode.swift; path = HttpMethod.swift; sourceTree = "<group>"; };
		C8F05E802900F1D4006D2943 /* AutResponse.swift */ = {isa = PBXFileReference; lastKnownFileType = sourcecode.swift; path = AutResponse.swift; sourceTree = "<group>"; };
		C8FBD27B2900BA3600A5926D /* TheMovieDB.app */ = {isa = PBXFileReference; explicitFileType = wrapper.application; includeInIndex = 0; path = TheMovieDB.app; sourceTree = BUILT_PRODUCTS_DIR; };
		C8FBD27E2900BA3600A5926D /* AppDelegate.swift */ = {isa = PBXFileReference; lastKnownFileType = sourcecode.swift; path = AppDelegate.swift; sourceTree = "<group>"; };
		C8FBD2872900BA3700A5926D /* Assets.xcassets */ = {isa = PBXFileReference; lastKnownFileType = folder.assetcatalog; path = Assets.xcassets; sourceTree = "<group>"; };
		C8FBD28A2900BA3700A5926D /* Base */ = {isa = PBXFileReference; lastKnownFileType = file.storyboard; name = Base; path = Base.lproj/LaunchScreen.storyboard; sourceTree = "<group>"; };
		C8FBD28C2900BA3700A5926D /* Info.plist */ = {isa = PBXFileReference; lastKnownFileType = text.plist.xml; path = Info.plist; sourceTree = "<group>"; };
/* End PBXFileReference section */

/* Begin PBXFrameworksBuildPhase section */
		C8FBD2782900BA3600A5926D /* Frameworks */ = {
			isa = PBXFrameworksBuildPhase;
			buildActionMask = 2147483647;
			files = (
			);
			runOnlyForDeploymentPostprocessing = 0;
		};
/* End PBXFrameworksBuildPhase section */

/* Begin PBXGroup section */
		C832C0112900BB6D003830CE /* Views */ = {
			isa = PBXGroup;
			children = (
				C832C0122900BB75003830CE /* Login */,
			);
			path = Views;
			sourceTree = "<group>";
		};
		C832C0122900BB75003830CE /* Login */ = {
			isa = PBXGroup;
			children = (
				C832C0232900BCF7003830CE /* LoginCoordinator.swift */,
				C8F05E7F2900F1C7006D2943 /* Model */,
				C832C0202900BCC2003830CE /* View */,
				C832C01F2900BCB7003830CE /* ViewModel */,
			);
			path = Login;
			sourceTree = "<group>";
		};
		C832C0132900BB97003830CE /* Protocols */ = {
			isa = PBXGroup;
			children = (
				C832C0142900BBAD003830CE /* Routers */,
				C832C0172900BBDE003830CE /* Coordinator.swift */,
			);
			path = Protocols;
			sourceTree = "<group>";
		};
		C832C0142900BBAD003830CE /* Routers */ = {
			isa = PBXGroup;
			children = (
				C832C0152900BBC0003830CE /* Router.swift */,
			);
			path = Routers;
			sourceTree = "<group>";
		};
		C832C01F2900BCB7003830CE /* ViewModel */ = {
			isa = PBXGroup;
			children = (
				C832C0212900BCDA003830CE /* LoginViewModel.swift */,
			);
			path = ViewModel;
			sourceTree = "<group>";
		};
		C832C0202900BCC2003830CE /* View */ = {
			isa = PBXGroup;
			children = (
				C832C01D2900BCB1003830CE /* LoginViewController.swift */,
			);
			path = View;
			sourceTree = "<group>";
		};
		C8F05E762900DDAB006D2943 /* Networking */ = {
			isa = PBXGroup;
			children = (
				C8F05E782900DDCB006D2943 /* Error */,
				C8F05E772900DDB0006D2943 /* API */,
			);
			path = Networking;
			sourceTree = "<group>";
		};
		C8F05E772900DDB0006D2943 /* API */ = {
			isa = PBXGroup;
			children = (
				C8F05E7B2900DDF1006D2943 /* APIManager.swift */,
				C8F05E7D2900DE06006D2943 /* HttpMethod.swift */,
			);
			path = API;
			sourceTree = "<group>";
		};
		C8F05E782900DDCB006D2943 /* Error */ = {
			isa = PBXGroup;
			children = (
				C8F05E792900DDDE006D2943 /* Failure.swift */,
			);
			path = Error;
			sourceTree = "<group>";
		};
		C8F05E7F2900F1C7006D2943 /* Model */ = {
			isa = PBXGroup;
			children = (
				C8F05E802900F1D4006D2943 /* AutResponse.swift */,
			);
			path = Model;
			sourceTree = "<group>";
		};
		C8FBD2722900BA3600A5926D = {
			isa = PBXGroup;
			children = (
				C8FBD27D2900BA3600A5926D /* TheMovieDB */,
				C8FBD27C2900BA3600A5926D /* Products */,
			);
			sourceTree = "<group>";
		};
		C8FBD27C2900BA3600A5926D /* Products */ = {
			isa = PBXGroup;
			children = (
				C8FBD27B2900BA3600A5926D /* TheMovieDB.app */,
			);
			name = Products;
			sourceTree = "<group>";
		};
		C8FBD27D2900BA3600A5926D /* TheMovieDB */ = {
			isa = PBXGroup;
			children = (
				C8F05E762900DDAB006D2943 /* Networking */,
				C832C0132900BB97003830CE /* Protocols */,
				C832C0112900BB6D003830CE /* Views */,
				C8FBD27E2900BA3600A5926D /* AppDelegate.swift */,
				C832C01B2900BC40003830CE /* AppTransition.swift */,
				C832C0192900BC28003830CE /* App.swift */,
				C8FBD2872900BA3700A5926D /* Assets.xcassets */,
				C8FBD2892900BA3700A5926D /* LaunchScreen.storyboard */,
				C8FBD28C2900BA3700A5926D /* Info.plist */,
			);
			path = TheMovieDB;
			sourceTree = "<group>";
		};
/* End PBXGroup section */

/* Begin PBXNativeTarget section */
		C8FBD27A2900BA3600A5926D /* TheMovieDB */ = {
			isa = PBXNativeTarget;
			buildConfigurationList = C8FBD28F2900BA3700A5926D /* Build configuration list for PBXNativeTarget "TheMovieDB" */;
			buildPhases = (
				C8FBD2772900BA3600A5926D /* Sources */,
				C8FBD2782900BA3600A5926D /* Frameworks */,
				C8FBD2792900BA3600A5926D /* Resources */,
			);
			buildRules = (
			);
			dependencies = (
			);
			name = TheMovieDB;
			productName = TheMovieDB;
			productReference = C8FBD27B2900BA3600A5926D /* TheMovieDB.app */;
			productType = "com.apple.product-type.application";
		};
/* End PBXNativeTarget section */

/* Begin PBXProject section */
		C8FBD2732900BA3600A5926D /* Project object */ = {
			isa = PBXProject;
			attributes = {
				BuildIndependentTargetsInParallel = 1;
				LastSwiftUpdateCheck = 1340;
				LastUpgradeCheck = 1340;
				TargetAttributes = {
					C8FBD27A2900BA3600A5926D = {
						CreatedOnToolsVersion = 13.4.1;
					};
				};
			};
			buildConfigurationList = C8FBD2762900BA3600A5926D /* Build configuration list for PBXProject "TheMovieDB" */;
			compatibilityVersion = "Xcode 13.0";
			developmentRegion = en;
			hasScannedForEncodings = 0;
			knownRegions = (
				en,
				Base,
			);
			mainGroup = C8FBD2722900BA3600A5926D;
			productRefGroup = C8FBD27C2900BA3600A5926D /* Products */;
			projectDirPath = "";
			projectRoot = "";
			targets = (
				C8FBD27A2900BA3600A5926D /* TheMovieDB */,
			);
		};
/* End PBXProject section */

/* Begin PBXResourcesBuildPhase section */
		C8FBD2792900BA3600A5926D /* Resources */ = {
			isa = PBXResourcesBuildPhase;
			buildActionMask = 2147483647;
			files = (
				C8FBD28B2900BA3700A5926D /* LaunchScreen.storyboard in Resources */,
				C8FBD2882900BA3700A5926D /* Assets.xcassets in Resources */,
			);
			runOnlyForDeploymentPostprocessing = 0;
		};
/* End PBXResourcesBuildPhase section */

/* Begin PBXSourcesBuildPhase section */
		C8FBD2772900BA3600A5926D /* Sources */ = {
			isa = PBXSourcesBuildPhase;
			buildActionMask = 2147483647;
			files = (
				C832C01E2900BCB1003830CE /* LoginViewController.swift in Sources */,
				C8F05E7A2900DDDE006D2943 /* Failure.swift in Sources */,
				C8F05E812900F1D4006D2943 /* AutResponse.swift in Sources */,
				C8F05E7C2900DDF1006D2943 /* APIManager.swift in Sources */,
				C832C0162900BBC0003830CE /* Router.swift in Sources */,
				C8F05E7E2900DE06006D2943 /* HttpMethod.swift in Sources */,
				C832C01A2900BC28003830CE /* App.swift in Sources */,
				C832C01C2900BC40003830CE /* AppTransition.swift in Sources */,
				C8FBD27F2900BA3600A5926D /* AppDelegate.swift in Sources */,
				C832C0182900BBDE003830CE /* Coordinator.swift in Sources */,
				C832C0242900BCF7003830CE /* LoginCoordinator.swift in Sources */,
				C832C0222900BCDA003830CE /* LoginViewModel.swift in Sources */,
			);
			runOnlyForDeploymentPostprocessing = 0;
		};
/* End PBXSourcesBuildPhase section */

/* Begin PBXVariantGroup section */
		C8FBD2892900BA3700A5926D /* LaunchScreen.storyboard */ = {
			isa = PBXVariantGroup;
			children = (
				C8FBD28A2900BA3700A5926D /* Base */,
			);
			name = LaunchScreen.storyboard;
			sourceTree = "<group>";
		};
/* End PBXVariantGroup section */

/* Begin XCBuildConfiguration section */
		C8FBD28D2900BA3700A5926D /* Debug */ = {
			isa = XCBuildConfiguration;
			buildSettings = {
				ALWAYS_SEARCH_USER_PATHS = NO;
				CLANG_ANALYZER_NONNULL = YES;
				CLANG_ANALYZER_NUMBER_OBJECT_CONVERSION = YES_AGGRESSIVE;
				CLANG_CXX_LANGUAGE_STANDARD = "gnu++17";
				CLANG_ENABLE_MODULES = YES;
				CLANG_ENABLE_OBJC_ARC = YES;
				CLANG_ENABLE_OBJC_WEAK = YES;
				CLANG_WARN_BLOCK_CAPTURE_AUTORELEASING = YES;
				CLANG_WARN_BOOL_CONVERSION = YES;
				CLANG_WARN_COMMA = YES;
				CLANG_WARN_CONSTANT_CONVERSION = YES;
				CLANG_WARN_DEPRECATED_OBJC_IMPLEMENTATIONS = YES;
				CLANG_WARN_DIRECT_OBJC_ISA_USAGE = YES_ERROR;
				CLANG_WARN_DOCUMENTATION_COMMENTS = YES;
				CLANG_WARN_EMPTY_BODY = YES;
				CLANG_WARN_ENUM_CONVERSION = YES;
				CLANG_WARN_INFINITE_RECURSION = YES;
				CLANG_WARN_INT_CONVERSION = YES;
				CLANG_WARN_NON_LITERAL_NULL_CONVERSION = YES;
				CLANG_WARN_OBJC_IMPLICIT_RETAIN_SELF = YES;
				CLANG_WARN_OBJC_LITERAL_CONVERSION = YES;
				CLANG_WARN_OBJC_ROOT_CLASS = YES_ERROR;
				CLANG_WARN_QUOTED_INCLUDE_IN_FRAMEWORK_HEADER = YES;
				CLANG_WARN_RANGE_LOOP_ANALYSIS = YES;
				CLANG_WARN_STRICT_PROTOTYPES = YES;
				CLANG_WARN_SUSPICIOUS_MOVE = YES;
				CLANG_WARN_UNGUARDED_AVAILABILITY = YES_AGGRESSIVE;
				CLANG_WARN_UNREACHABLE_CODE = YES;
				CLANG_WARN__DUPLICATE_METHOD_MATCH = YES;
				COPY_PHASE_STRIP = NO;
				DEBUG_INFORMATION_FORMAT = dwarf;
				ENABLE_STRICT_OBJC_MSGSEND = YES;
				ENABLE_TESTABILITY = YES;
				GCC_C_LANGUAGE_STANDARD = gnu11;
				GCC_DYNAMIC_NO_PIC = NO;
				GCC_NO_COMMON_BLOCKS = YES;
				GCC_OPTIMIZATION_LEVEL = 0;
				GCC_PREPROCESSOR_DEFINITIONS = (
					"DEBUG=1",
					"$(inherited)",
				);
				GCC_WARN_64_TO_32_BIT_CONVERSION = YES;
				GCC_WARN_ABOUT_RETURN_TYPE = YES_ERROR;
				GCC_WARN_UNDECLARED_SELECTOR = YES;
				GCC_WARN_UNINITIALIZED_AUTOS = YES_AGGRESSIVE;
				GCC_WARN_UNUSED_FUNCTION = YES;
				GCC_WARN_UNUSED_VARIABLE = YES;
				IPHONEOS_DEPLOYMENT_TARGET = 15.5;
				MTL_ENABLE_DEBUG_INFO = INCLUDE_SOURCE;
				MTL_FAST_MATH = YES;
				ONLY_ACTIVE_ARCH = YES;
				SDKROOT = iphoneos;
				SWIFT_ACTIVE_COMPILATION_CONDITIONS = DEBUG;
				SWIFT_OPTIMIZATION_LEVEL = "-Onone";
			};
			name = Debug;
		};
		C8FBD28E2900BA3700A5926D /* Release */ = {
			isa = XCBuildConfiguration;
			buildSettings = {
				ALWAYS_SEARCH_USER_PATHS = NO;
				CLANG_ANALYZER_NONNULL = YES;
				CLANG_ANALYZER_NUMBER_OBJECT_CONVERSION = YES_AGGRESSIVE;
				CLANG_CXX_LANGUAGE_STANDARD = "gnu++17";
				CLANG_ENABLE_MODULES = YES;
				CLANG_ENABLE_OBJC_ARC = YES;
				CLANG_ENABLE_OBJC_WEAK = YES;
				CLANG_WARN_BLOCK_CAPTURE_AUTORELEASING = YES;
				CLANG_WARN_BOOL_CONVERSION = YES;
				CLANG_WARN_COMMA = YES;
				CLANG_WARN_CONSTANT_CONVERSION = YES;
				CLANG_WARN_DEPRECATED_OBJC_IMPLEMENTATIONS = YES;
				CLANG_WARN_DIRECT_OBJC_ISA_USAGE = YES_ERROR;
				CLANG_WARN_DOCUMENTATION_COMMENTS = YES;
				CLANG_WARN_EMPTY_BODY = YES;
				CLANG_WARN_ENUM_CONVERSION = YES;
				CLANG_WARN_INFINITE_RECURSION = YES;
				CLANG_WARN_INT_CONVERSION = YES;
				CLANG_WARN_NON_LITERAL_NULL_CONVERSION = YES;
				CLANG_WARN_OBJC_IMPLICIT_RETAIN_SELF = YES;
				CLANG_WARN_OBJC_LITERAL_CONVERSION = YES;
				CLANG_WARN_OBJC_ROOT_CLASS = YES_ERROR;
				CLANG_WARN_QUOTED_INCLUDE_IN_FRAMEWORK_HEADER = YES;
				CLANG_WARN_RANGE_LOOP_ANALYSIS = YES;
				CLANG_WARN_STRICT_PROTOTYPES = YES;
				CLANG_WARN_SUSPICIOUS_MOVE = YES;
				CLANG_WARN_UNGUARDED_AVAILABILITY = YES_AGGRESSIVE;
				CLANG_WARN_UNREACHABLE_CODE = YES;
				CLANG_WARN__DUPLICATE_METHOD_MATCH = YES;
				COPY_PHASE_STRIP = NO;
				DEBUG_INFORMATION_FORMAT = "dwarf-with-dsym";
				ENABLE_NS_ASSERTIONS = NO;
				ENABLE_STRICT_OBJC_MSGSEND = YES;
				GCC_C_LANGUAGE_STANDARD = gnu11;
				GCC_NO_COMMON_BLOCKS = YES;
				GCC_WARN_64_TO_32_BIT_CONVERSION = YES;
				GCC_WARN_ABOUT_RETURN_TYPE = YES_ERROR;
				GCC_WARN_UNDECLARED_SELECTOR = YES;
				GCC_WARN_UNINITIALIZED_AUTOS = YES_AGGRESSIVE;
				GCC_WARN_UNUSED_FUNCTION = YES;
				GCC_WARN_UNUSED_VARIABLE = YES;
				IPHONEOS_DEPLOYMENT_TARGET = 15.5;
				MTL_ENABLE_DEBUG_INFO = NO;
				MTL_FAST_MATH = YES;
				SDKROOT = iphoneos;
				SWIFT_COMPILATION_MODE = wholemodule;
				SWIFT_OPTIMIZATION_LEVEL = "-O";
				VALIDATE_PRODUCT = YES;
			};
			name = Release;
		};
		C8FBD2902900BA3700A5926D /* Debug */ = {
			isa = XCBuildConfiguration;
			buildSettings = {
				ASSETCATALOG_COMPILER_APPICON_NAME = AppIcon;
				ASSETCATALOG_COMPILER_GLOBAL_ACCENT_COLOR_NAME = AccentColor;
				CODE_SIGN_STYLE = Automatic;
				CURRENT_PROJECT_VERSION = 1;
				GENERATE_INFOPLIST_FILE = YES;
				INFOPLIST_FILE = TheMovieDB/Info.plist;
				INFOPLIST_KEY_UIApplicationSupportsIndirectInputEvents = YES;
				INFOPLIST_KEY_UILaunchStoryboardName = LaunchScreen;
				INFOPLIST_KEY_UISupportedInterfaceOrientations_iPad = "UIInterfaceOrientationPortrait UIInterfaceOrientationPortraitUpsideDown UIInterfaceOrientationLandscapeLeft UIInterfaceOrientationLandscapeRight";
				INFOPLIST_KEY_UISupportedInterfaceOrientations_iPhone = "UIInterfaceOrientationPortrait UIInterfaceOrientationLandscapeLeft UIInterfaceOrientationLandscapeRight";
				LD_RUNPATH_SEARCH_PATHS = (
					"$(inherited)",
					"@executable_path/Frameworks",
				);
				MARKETING_VERSION = 1.0;
				PRODUCT_BUNDLE_IDENTIFIER = bmejia.TheMovieDB;
				PRODUCT_NAME = "$(TARGET_NAME)";
				SWIFT_EMIT_LOC_STRINGS = YES;
				SWIFT_VERSION = 5.0;
				TARGETED_DEVICE_FAMILY = "1,2";
			};
			name = Debug;
		};
		C8FBD2912900BA3700A5926D /* Release */ = {
			isa = XCBuildConfiguration;
			buildSettings = {
				ASSETCATALOG_COMPILER_APPICON_NAME = AppIcon;
				ASSETCATALOG_COMPILER_GLOBAL_ACCENT_COLOR_NAME = AccentColor;
				CODE_SIGN_STYLE = Automatic;
				CURRENT_PROJECT_VERSION = 1;
				GENERATE_INFOPLIST_FILE = YES;
				INFOPLIST_FILE = TheMovieDB/Info.plist;
				INFOPLIST_KEY_UIApplicationSupportsIndirectInputEvents = YES;
				INFOPLIST_KEY_UILaunchStoryboardName = LaunchScreen;
				INFOPLIST_KEY_UISupportedInterfaceOrientations_iPad = "UIInterfaceOrientationPortrait UIInterfaceOrientationPortraitUpsideDown UIInterfaceOrientationLandscapeLeft UIInterfaceOrientationLandscapeRight";
				INFOPLIST_KEY_UISupportedInterfaceOrientations_iPhone = "UIInterfaceOrientationPortrait UIInterfaceOrientationLandscapeLeft UIInterfaceOrientationLandscapeRight";
				LD_RUNPATH_SEARCH_PATHS = (
					"$(inherited)",
					"@executable_path/Frameworks",
				);
				MARKETING_VERSION = 1.0;
				PRODUCT_BUNDLE_IDENTIFIER = bmejia.TheMovieDB;
				PRODUCT_NAME = "$(TARGET_NAME)";
				SWIFT_EMIT_LOC_STRINGS = YES;
				SWIFT_VERSION = 5.0;
				TARGETED_DEVICE_FAMILY = "1,2";
			};
			name = Release;
		};
/* End XCBuildConfiguration section */

/* Begin XCConfigurationList section */
		C8FBD2762900BA3600A5926D /* Build configuration list for PBXProject "TheMovieDB" */ = {
			isa = XCConfigurationList;
			buildConfigurations = (
				C8FBD28D2900BA3700A5926D /* Debug */,
				C8FBD28E2900BA3700A5926D /* Release */,
			);
			defaultConfigurationIsVisible = 0;
			defaultConfigurationName = Release;
		};
		C8FBD28F2900BA3700A5926D /* Build configuration list for PBXNativeTarget "TheMovieDB" */ = {
			isa = XCConfigurationList;
			buildConfigurations = (
				C8FBD2902900BA3700A5926D /* Debug */,
				C8FBD2912900BA3700A5926D /* Release */,
			);
			defaultConfigurationIsVisible = 0;
			defaultConfigurationName = Release;
		};
/* End XCConfigurationList section */
	};
	rootObject = C8FBD2732900BA3600A5926D /* Project object */;
}
